
Microsoft Visual Studio Solution File, Format Version 12.00
# Visual Studio Version 17
VisualStudioVersion = 17.14.36401.2
MinimumVisualStudioVersion = 10.0.40219.1
Project("{FAE04EC0-301F-11D3-BF4B-00C04F79EFBC}") = "eShop.Domain", "eShop.Domain\eShop.Domain.csproj", "{56DBDCCA-A01E-4E87-85DE-230BDE28A10E}"
EndProject
Project("{FAE04EC0-301F-11D3-BF4B-00C04F79EFBC}") = "eShop.Infrastructure", "eShop.Infrastructure\eShop.Infrastructure.csproj", "{A70C8E2B-63CF-468F-97EF-EA16E88B3D4F}"
EndProject
Project("{FAE04EC0-301F-11D3-BF4B-00C04F79EFBC}") = "eShop.Application", "eShop.Application\eShop.Application.csproj", "{AC9E28D8-49FA-47DE-BE61-F5728F4F2418}"
EndProject
Project("{FAE04EC0-301F-11D3-BF4B-00C04F79EFBC}") = "eShop.AdminAPI", "eShop.AdminAPI\eShop.AdminAPI.csproj", "{9D53B6F4-8833-4018-8473-46E4FFDA9CD7}"
EndProject
Project("{FAE04EC0-301F-11D3-BF4B-00C04F79EFBC}") = "eShop.PublicAPI", "eShop.PublicAPI\eShop.PublicAPI.csproj", "{FEE83D9D-7765-49D9-B3D9-404EA78AFCA8}"
EndProject
Global
	GlobalSection(SolutionConfigurationPlatforms) = preSolution
		Debug|Any CPU = Debug|Any CPU
		Release|Any CPU = Release|Any CPU
	EndGlobalSection
	GlobalSection(ProjectConfigurationPlatforms) = postSolution
		{56DBDCCA-A01E-4E87-85DE-230BDE28A10E}.Debug|Any CPU.ActiveCfg = Debug|Any CPU
		{56DBDCCA-A01E-4E87-85DE-230BDE28A10E}.Debug|Any CPU.Build.0 = Debug|Any CPU
		{56DBDCCA-A01E-4E87-85DE-230BDE28A10E}.Release|Any CPU.ActiveCfg = Release|Any CPU
		{56DBDCCA-A01E-4E87-85DE-230BDE28A10E}.Release|Any CPU.Build.0 = Release|Any CPU
		{A70C8E2B-63CF-468F-97EF-EA16E88B3D4F}.Debug|Any CPU.ActiveCfg = Debug|Any CPU
		{A70C8E2B-63CF-468F-97EF-EA16E88B3D4F}.Debug|Any CPU.Build.0 = Debug|Any CPU
		{A70C8E2B-63CF-468F-97EF-EA16E88B3D4F}.Release|Any CPU.ActiveCfg = Release|Any CPU
		{A70C8E2B-63CF-468F-97EF-EA16E88B3D4F}.Release|Any CPU.Build.0 = Release|Any CPU
		{AC9E28D8-49FA-47DE-BE61-F5728F4F2418}.Debug|Any CPU.ActiveCfg = Debug|Any CPU
		{AC9E28D8-49FA-47DE-BE61-F5728F4F2418}.Debug|Any CPU.Build.0 = Debug|Any CPU
		{AC9E28D8-49FA-47DE-BE61-F5728F4F2418}.Release|Any CPU.ActiveCfg = Release|Any CPU
		{AC9E28D8-49FA-47DE-BE61-F5728F4F2418}.Release|Any CPU.Build.0 = Release|Any CPU
		{9D53B6F4-8833-4018-8473-46E4FFDA9CD7}.Debug|Any CPU.ActiveCfg = Debug|Any CPU
		{9D53B6F4-8833-4018-8473-46E4FFDA9CD7}.Debug|Any CPU.Build.0 = Debug|Any CPU
		{9D53B6F4-8833-4018-8473-46E4FFDA9CD7}.Release|Any CPU.ActiveCfg = Release|Any CPU
		{9D53B6F4-8833-4018-8473-46E4FFDA9CD7}.Release|Any CPU.Build.0 = Release|Any CPU
		{FEE83D9D-7765-49D9-B3D9-404EA78AFCA8}.Debug|Any CPU.ActiveCfg = Debug|Any CPU
		{FEE83D9D-7765-49D9-B3D9-404EA78AFCA8}.Debug|Any CPU.Build.0 = Debug|Any CPU
		{FEE83D9D-7765-49D9-B3D9-404EA78AFCA8}.Release|Any CPU.ActiveCfg = Release|Any CPU
		{FEE83D9D-7765-49D9-B3D9-404EA78AFCA8}.Release|Any CPU.Build.0 = Release|Any CPU
	EndGlobalSection
	GlobalSection(SolutionProperties) = preSolution
		HideSolutionNode = FALSE
	EndGlobalSection
	GlobalSection(ExtensibilityGlobals) = postSolution
		SolutionGuid = {E19BE584-689A-4564-9EF1-AF220DAFC006}
	EndGlobalSection
EndGlobal
